
Microsoft Visual Studio Solution File, Format Version 12.00
# Visual Studio Version 17
VisualStudioVersion = 17.9.34622.214
MinimumVisualStudioVersion = 10.0.40219.1
Project("{FAE04EC0-301F-11D3-BF4B-00C04F79EFBC}") = "HotelTransilvania", "HotelTransilvania\HotelTransilvania.csproj", "{B62FCB94-8003-47D1-A6E9-00F4D70F98C0}"
EndProject
Global
	GlobalSection(SolutionConfigurationPlatforms) = preSolution
		Debug|Any CPU = Debug|Any CPU
		Release|Any CPU = Release|Any CPU
	EndGlobalSection
	GlobalSection(ProjectConfigurationPlatforms) = postSolution
		{B62FCB94-8003-47D1-A6E9-00F4D70F98C0}.Debug|Any CPU.ActiveCfg = Debug|Any CPU
		{B62FCB94-8003-47D1-A6E9-00F4D70F98C0}.Debug|Any CPU.Build.0 = Debug|Any CPU
		{B62FCB94-8003-47D1-A6E9-00F4D70F98C0}.Release|Any CPU.ActiveCfg = Release|Any CPU
		{B62FCB94-8003-47D1-A6E9-00F4D70F98C0}.Release|Any CPU.Build.0 = Release|Any CPU
	EndGlobalSection
	GlobalSection(SolutionProperties) = preSolution
		HideSolutionNode = FALSE
	EndGlobalSection
	GlobalSection(ExtensibilityGlobals) = postSolution
		SolutionGuid = {01509F59-BAB7-4737-9D9F-5C94C2AC2AD9}
	EndGlobalSection
EndGlobal
